
Microsoft Visual Studio Solution File, Format Version 11.00
# Visual Studio 2010
Project("{2150E333-8FDC-42A3-9474-1A3956D46DE8}") = "Core", "Core", "{E22D672C-F0CC-45DB-9BC9-DA99F7593700}"
EndProject
Project("{2150E333-8FDC-42A3-9474-1A3956D46DE8}") = "Plugins", "Plugins", "{A398BBE3-356C-41FF-AD03-E5FA38105B93}"
EndProject
Project("{2150E333-8FDC-42A3-9474-1A3956D46DE8}") = "Utility", "Utility", "{A0BEF503-0CBA-45E0-856E-0EA97DA6764C}"
EndProject
Project("{2150E333-8FDC-42A3-9474-1A3956D46DE8}") = "Template", "Template", "{9C83582B-5B35-4F02-8D60-5BBC5E099F99}"
EndProject
Project("{2150E333-8FDC-42A3-9474-1A3956D46DE8}") = "Example", "Example", "{F3F8847D-B207-460F-9038-76F821DE99C1}"
EndProject
Project("{8BC9CEB8-8B4A-11D0-8D11-00A0C91BC942}") = "SR33", "SR33\SR33.vcxproj", "{A322FBB9-8D5F-413F-86E8-A986AB92B4C8}"
EndProject
Project("{8BC9CEB8-8B4A-11D0-8D11-00A0C91BC942}") = "Detour", "Detour\Detour.vcxproj", "{E3AE6C11-28A1-418B-B4B5-0B6A77D5270A}"
EndProject
Project("{8BC9CEB8-8B4A-11D0-8D11-00A0C91BC942}") = "Demo", "Demo\Demo.vcxproj", "{D045A410-4376-4D63-8395-A8428AE4F669}"
EndProject
Project("{8BC9CEB8-8B4A-11D0-8D11-00A0C91BC942}") = "DumpImageCode", "DumpImageCode\DumpImageCode.vcxproj", "{E6C18432-C283-414A-A30E-4FEF3A0DA33C}"
EndProject
Project("{8BC9CEB8-8B4A-11D0-8D11-00A0C91BC942}") = "ServerStats", "ServerStats\ServerStats.vcxproj", "{0BCB51AA-0E93-41F5-A4C2-C8CD17E5554B}"
EndProject
Project("{8BC9CEB8-8B4A-11D0-8D11-00A0C91BC942}") = "Injector", "Injector\Injector.vcxproj", "{3949B8D4-958B-4D5E-BEE4-AB4D82EDD765}"
EndProject
Project("{8BC9CEB8-8B4A-11D0-8D11-00A0C91BC942}") = "Analyzer", "Analyzer\Analyzer.vcxproj", "{BE6A4FD8-531E-4FFF-AEFD-6C4E7ABA5C1F}"
EndProject
Project("{8BC9CEB8-8B4A-11D0-8D11-00A0C91BC942}") = "Plugin", "Plugin\Plugin.vcxproj", "{7D8882D1-0352-44D0-93F0-3120AF42358A}"
EndProject
Global
	GlobalSection(SolutionConfigurationPlatforms) = preSolution
		Debug|Win32 = Debug|Win32
		Release|Win32 = Release|Win32
	EndGlobalSection
	GlobalSection(ProjectConfigurationPlatforms) = postSolution
		{A322FBB9-8D5F-413F-86E8-A986AB92B4C8}.Debug|Win32.ActiveCfg = Debug|Win32
		{A322FBB9-8D5F-413F-86E8-A986AB92B4C8}.Debug|Win32.Build.0 = Debug|Win32
		{A322FBB9-8D5F-413F-86E8-A986AB92B4C8}.Release|Win32.ActiveCfg = Release|Win32
		{A322FBB9-8D5F-413F-86E8-A986AB92B4C8}.Release|Win32.Build.0 = Release|Win32
		{E3AE6C11-28A1-418B-B4B5-0B6A77D5270A}.Debug|Win32.ActiveCfg = Debug|Win32
		{E3AE6C11-28A1-418B-B4B5-0B6A77D5270A}.Debug|Win32.Build.0 = Debug|Win32
		{E3AE6C11-28A1-418B-B4B5-0B6A77D5270A}.Release|Win32.ActiveCfg = Release|Win32
		{E3AE6C11-28A1-418B-B4B5-0B6A77D5270A}.Release|Win32.Build.0 = Release|Win32
		{D045A410-4376-4D63-8395-A8428AE4F669}.Debug|Win32.ActiveCfg = Debug|Win32
		{D045A410-4376-4D63-8395-A8428AE4F669}.Debug|Win32.Build.0 = Debug|Win32
		{D045A410-4376-4D63-8395-A8428AE4F669}.Release|Win32.ActiveCfg = Release|Win32
		{D045A410-4376-4D63-8395-A8428AE4F669}.Release|Win32.Build.0 = Release|Win32
		{E6C18432-C283-414A-A30E-4FEF3A0DA33C}.Debug|Win32.ActiveCfg = Debug|Win32
		{E6C18432-C283-414A-A30E-4FEF3A0DA33C}.Debug|Win32.Build.0 = Debug|Win32
		{E6C18432-C283-414A-A30E-4FEF3A0DA33C}.Release|Win32.ActiveCfg = Release|Win32
		{E6C18432-C283-414A-A30E-4FEF3A0DA33C}.Release|Win32.Build.0 = Release|Win32
		{0BCB51AA-0E93-41F5-A4C2-C8CD17E5554B}.Debug|Win32.ActiveCfg = Debug|Win32
		{0BCB51AA-0E93-41F5-A4C2-C8CD17E5554B}.Debug|Win32.Build.0 = Debug|Win32
		{0BCB51AA-0E93-41F5-A4C2-C8CD17E5554B}.Release|Win32.ActiveCfg = Release|Win32
		{0BCB51AA-0E93-41F5-A4C2-C8CD17E5554B}.Release|Win32.Build.0 = Release|Win32
		{3949B8D4-958B-4D5E-BEE4-AB4D82EDD765}.Debug|Win32.ActiveCfg = Debug|Win32
		{3949B8D4-958B-4D5E-BEE4-AB4D82EDD765}.Debug|Win32.Build.0 = Debug|Win32
		{3949B8D4-958B-4D5E-BEE4-AB4D82EDD765}.Release|Win32.ActiveCfg = Release|Win32
		{3949B8D4-958B-4D5E-BEE4-AB4D82EDD765}.Release|Win32.Build.0 = Release|Win32
		{BE6A4FD8-531E-4FFF-AEFD-6C4E7ABA5C1F}.Debug|Win32.ActiveCfg = Debug|Win32
		{BE6A4FD8-531E-4FFF-AEFD-6C4E7ABA5C1F}.Debug|Win32.Build.0 = Debug|Win32
		{BE6A4FD8-531E-4FFF-AEFD-6C4E7ABA5C1F}.Release|Win32.ActiveCfg = Release|Win32
		{BE6A4FD8-531E-4FFF-AEFD-6C4E7ABA5C1F}.Release|Win32.Build.0 = Release|Win32
		{7D8882D1-0352-44D0-93F0-3120AF42358A}.Debug|Win32.ActiveCfg = Debug|Win32
		{7D8882D1-0352-44D0-93F0-3120AF42358A}.Debug|Win32.Build.0 = Debug|Win32
		{7D8882D1-0352-44D0-93F0-3120AF42358A}.Release|Win32.ActiveCfg = Release|Win32
		{7D8882D1-0352-44D0-93F0-3120AF42358A}.Release|Win32.Build.0 = Release|Win32
	EndGlobalSection
	GlobalSection(SolutionProperties) = preSolution
		HideSolutionNode = FALSE
	EndGlobalSection
	GlobalSection(NestedProjects) = preSolution
		{A322FBB9-8D5F-413F-86E8-A986AB92B4C8} = {E22D672C-F0CC-45DB-9BC9-DA99F7593700}
		{E3AE6C11-28A1-418B-B4B5-0B6A77D5270A} = {E22D672C-F0CC-45DB-9BC9-DA99F7593700}
		{A0BEF503-0CBA-45E0-856E-0EA97DA6764C} = {A398BBE3-356C-41FF-AD03-E5FA38105B93}
		{9C83582B-5B35-4F02-8D60-5BBC5E099F99} = {A398BBE3-356C-41FF-AD03-E5FA38105B93}
		{F3F8847D-B207-460F-9038-76F821DE99C1} = {A398BBE3-356C-41FF-AD03-E5FA38105B93}
		{3949B8D4-958B-4D5E-BEE4-AB4D82EDD765} = {A0BEF503-0CBA-45E0-856E-0EA97DA6764C}
		{BE6A4FD8-531E-4FFF-AEFD-6C4E7ABA5C1F} = {A0BEF503-0CBA-45E0-856E-0EA97DA6764C}
		{7D8882D1-0352-44D0-93F0-3120AF42358A} = {9C83582B-5B35-4F02-8D60-5BBC5E099F99}
		{D045A410-4376-4D63-8395-A8428AE4F669} = {F3F8847D-B207-460F-9038-76F821DE99C1}
		{E6C18432-C283-414A-A30E-4FEF3A0DA33C} = {F3F8847D-B207-460F-9038-76F821DE99C1}
		{0BCB51AA-0E93-41F5-A4C2-C8CD17E5554B} = {F3F8847D-B207-460F-9038-76F821DE99C1}
	EndGlobalSection
EndGlobal
